
Microsoft Visual Studio Solution File, Format Version 12.00
# Visual Studio Version 17
VisualStudioVersion = 17.9.34728.123
MinimumVisualStudioVersion = 10.0.40219.1
Project("{2150E333-8FDC-42A3-9474-1A3956D46DE8}") = "Services", "Services", "{0A4D6E5E-DD25-4AF3-9C4C-F9EE375435B5}"
EndProject
Project("{2150E333-8FDC-42A3-9474-1A3956D46DE8}") = "UI", "UI", "{CD0131C9-E729-4114-90A8-FBE516EF47C2}"
EndProject
Project("{2150E333-8FDC-42A3-9474-1A3956D46DE8}") = "Gateway", "Gateway", "{6F9ADEDA-8A1D-485C-8A06-F9971CB758F8}"
EndProject
Project("{9A19103F-16F7-4668-BE54-9A1E7A4F7556}") = "Alphatech.Services.ProductAPI", "Alphatech.Services.ProductAPI\Alphatech.Services.ProductAPI.csproj", "{3F31CEEE-E103-4876-B0C3-6135B3FA43BE}"
EndProject
Project("{9A19103F-16F7-4668-BE54-9A1E7A4F7556}") = "Alphatech.Services.OrderAPI", "Alphatech.Services.OrderAPI\Alphatech.Services.OrderAPI.csproj", "{3DA4E0F8-2DB6-4E2A-8C74-F84720804635}"
EndProject
Project("{FAE04EC0-301F-11D3-BF4B-00C04F79EFBC}") = "APIGateway", "APIGateway\APIGateway.csproj", "{C145C849-A461-482E-91A6-EDDED7982A0D}"
EndProject
Global
	GlobalSection(SolutionConfigurationPlatforms) = preSolution
		Debug|Any CPU = Debug|Any CPU
		Release|Any CPU = Release|Any CPU
	EndGlobalSection
	GlobalSection(ProjectConfigurationPlatforms) = postSolution
		{3F31CEEE-E103-4876-B0C3-6135B3FA43BE}.Debug|Any CPU.ActiveCfg = Debug|Any CPU
		{3F31CEEE-E103-4876-B0C3-6135B3FA43BE}.Debug|Any CPU.Build.0 = Debug|Any CPU
		{3F31CEEE-E103-4876-B0C3-6135B3FA43BE}.Release|Any CPU.ActiveCfg = Release|Any CPU
		{3F31CEEE-E103-4876-B0C3-6135B3FA43BE}.Release|Any CPU.Build.0 = Release|Any CPU
		{3DA4E0F8-2DB6-4E2A-8C74-F84720804635}.Debug|Any CPU.ActiveCfg = Debug|Any CPU
		{3DA4E0F8-2DB6-4E2A-8C74-F84720804635}.Debug|Any CPU.Build.0 = Debug|Any CPU
		{3DA4E0F8-2DB6-4E2A-8C74-F84720804635}.Release|Any CPU.ActiveCfg = Release|Any CPU
		{3DA4E0F8-2DB6-4E2A-8C74-F84720804635}.Release|Any CPU.Build.0 = Release|Any CPU
		{C145C849-A461-482E-91A6-EDDED7982A0D}.Debug|Any CPU.ActiveCfg = Debug|Any CPU
		{C145C849-A461-482E-91A6-EDDED7982A0D}.Debug|Any CPU.Build.0 = Debug|Any CPU
		{C145C849-A461-482E-91A6-EDDED7982A0D}.Release|Any CPU.ActiveCfg = Release|Any CPU
		{C145C849-A461-482E-91A6-EDDED7982A0D}.Release|Any CPU.Build.0 = Release|Any CPU
	EndGlobalSection
	GlobalSection(SolutionProperties) = preSolution
		HideSolutionNode = FALSE
	EndGlobalSection
	GlobalSection(NestedProjects) = preSolution
		{3F31CEEE-E103-4876-B0C3-6135B3FA43BE} = {0A4D6E5E-DD25-4AF3-9C4C-F9EE375435B5}
		{3DA4E0F8-2DB6-4E2A-8C74-F84720804635} = {0A4D6E5E-DD25-4AF3-9C4C-F9EE375435B5}
		{C145C849-A461-482E-91A6-EDDED7982A0D} = {6F9ADEDA-8A1D-485C-8A06-F9971CB758F8}
	EndGlobalSection
	GlobalSection(ExtensibilityGlobals) = postSolution
		SolutionGuid = {2AEF465B-163C-4098-A9A4-6FC01D2D50DE}
	EndGlobalSection
EndGlobal
